
Microsoft Visual Studio Solution File, Format Version 12.00
# Visual Studio Version 16
VisualStudioVersion = 16.0.30002.166
MinimumVisualStudioVersion = 10.0.40219.1
Project("{FAE04EC0-301F-11D3-BF4B-00C04F79EFBC}") = "Ödev2", "Ödev2\Ödev2.csproj", "{4B7C4681-C853-44E4-8448-94DE8150D517}"
EndProject
Global
	GlobalSection(SolutionConfigurationPlatforms) = preSolution
		Debug|Any CPU = Debug|Any CPU
		Release|Any CPU = Release|Any CPU
	EndGlobalSection
	GlobalSection(ProjectConfigurationPlatforms) = postSolution
		{4B7C4681-C853-44E4-8448-94DE8150D517}.Debug|Any CPU.ActiveCfg = Debug|Any CPU
		{4B7C4681-C853-44E4-8448-94DE8150D517}.Debug|Any CPU.Build.0 = Debug|Any CPU
		{4B7C4681-C853-44E4-8448-94DE8150D517}.Release|Any CPU.ActiveCfg = Release|Any CPU
		{4B7C4681-C853-44E4-8448-94DE8150D517}.Release|Any CPU.Build.0 = Release|Any CPU
	EndGlobalSection
	GlobalSection(SolutionProperties) = preSolution
		HideSolutionNode = FALSE
	EndGlobalSection
	GlobalSection(ExtensibilityGlobals) = postSolution
		SolutionGuid = {234C35EB-5582-42D9-A8C5-C457E922628B}
	EndGlobalSection
EndGlobal
