
Microsoft Visual Studio Solution File, Format Version 12.00
# Visual Studio Version 16
VisualStudioVersion = 16.0.30002.166
MinimumVisualStudioVersion = 10.0.40219.1
Project("{FAE04EC0-301F-11D3-BF4B-00C04F79EFBC}") = "deneme3", "deneme3\deneme3.csproj", "{1F2D2EE7-B695-480E-B6CF-7AF3C2DE2253}"
EndProject
Global
	GlobalSection(SolutionConfigurationPlatforms) = preSolution
		Debug|Any CPU = Debug|Any CPU
		Release|Any CPU = Release|Any CPU
	EndGlobalSection
	GlobalSection(ProjectConfigurationPlatforms) = postSolution
		{1F2D2EE7-B695-480E-B6CF-7AF3C2DE2253}.Debug|Any CPU.ActiveCfg = Debug|Any CPU
		{1F2D2EE7-B695-480E-B6CF-7AF3C2DE2253}.Debug|Any CPU.Build.0 = Debug|Any CPU
		{1F2D2EE7-B695-480E-B6CF-7AF3C2DE2253}.Release|Any CPU.ActiveCfg = Release|Any CPU
		{1F2D2EE7-B695-480E-B6CF-7AF3C2DE2253}.Release|Any CPU.Build.0 = Release|Any CPU
	EndGlobalSection
	GlobalSection(SolutionProperties) = preSolution
		HideSolutionNode = FALSE
	EndGlobalSection
	GlobalSection(ExtensibilityGlobals) = postSolution
		SolutionGuid = {2264D6DE-2D72-44E0-A69F-86866CBA58F9}
	EndGlobalSection
EndGlobal
